// !$*UTF8*$!
{
	archiveVersion = 1;
	classes = {
	};
	objectVersion = 46;
	objects = {

/* Begin PBXBuildFile section */
		65E241441F0319F90084D521 /* AppDelegate.swift in Sources */ = {isa = PBXBuildFile; fileRef = 65E241431F0319F90084D521 /* AppDelegate.swift */; };
		65E241491F0319F90084D521 /* Main.storyboard in Resources */ = {isa = PBXBuildFile; fileRef = 65E241471F0319F90084D521 /* Main.storyboard */; };
		65E2414B1F0319F90084D521 /* Assets.xcassets in Resources */ = {isa = PBXBuildFile; fileRef = 65E2414A1F0319F90084D521 /* Assets.xcassets */; };
		65E2414E1F0319F90084D521 /* LaunchScreen.storyboard in Resources */ = {isa = PBXBuildFile; fileRef = 65E2414C1F0319F90084D521 /* LaunchScreen.storyboard */; };
		65E241561F031A8E0084D521 /* README.md in Sources */ = {isa = PBXBuildFile; fileRef = 65E241551F031A8E0084D521 /* README.md */; };
		65E2415A1F031ACA0084D521 /* ExploreVC.swift in Sources */ = {isa = PBXBuildFile; fileRef = 65E241571F031ACA0084D521 /* ExploreVC.swift */; };
		65E2415B1F031ACA0084D521 /* FilterMenuVC.swift in Sources */ = {isa = PBXBuildFile; fileRef = 65E241581F031ACA0084D521 /* FilterMenuVC.swift */; };
		65E2415C1F031ACA0084D521 /* ShopStyleController.swift in Sources */ = {isa = PBXBuildFile; fileRef = 65E241591F031ACA0084D521 /* ShopStyleController.swift */; };
		65E2416F1F031AF70084D521 /* AFError.swift in Sources */ = {isa = PBXBuildFile; fileRef = 65E2415E1F031AF70084D521 /* AFError.swift */; };
		65E241701F031AF70084D521 /* Alamofire.swift in Sources */ = {isa = PBXBuildFile; fileRef = 65E2415F1F031AF70084D521 /* Alamofire.swift */; };
		65E241711F031AF70084D521 /* DispatchQueue+Alamofire.swift in Sources */ = {isa = PBXBuildFile; fileRef = 65E241601F031AF70084D521 /* DispatchQueue+Alamofire.swift */; };
		65E241721F031AF70084D521 /* MultipartFormData.swift in Sources */ = {isa = PBXBuildFile; fileRef = 65E241611F031AF70084D521 /* MultipartFormData.swift */; };
		65E241731F031AF70084D521 /* NetworkReachabilityManager.swift in Sources */ = {isa = PBXBuildFile; fileRef = 65E241621F031AF70084D521 /* NetworkReachabilityManager.swift */; };
		65E241741F031AF70084D521 /* Notifications.swift in Sources */ = {isa = PBXBuildFile; fileRef = 65E241631F031AF70084D521 /* Notifications.swift */; };
		65E241751F031AF70084D521 /* ParameterEncoding.swift in Sources */ = {isa = PBXBuildFile; fileRef = 65E241641F031AF70084D521 /* ParameterEncoding.swift */; };
		65E241761F031AF70084D521 /* Request.swift in Sources */ = {isa = PBXBuildFile; fileRef = 65E241651F031AF70084D521 /* Request.swift */; };
		65E241771F031AF70084D521 /* Response.swift in Sources */ = {isa = PBXBuildFile; fileRef = 65E241661F031AF70084D521 /* Response.swift */; };
		65E241781F031AF70084D521 /* ResponseSerialization.swift in Sources */ = {isa = PBXBuildFile; fileRef = 65E241671F031AF70084D521 /* ResponseSerialization.swift */; };
		65E241791F031AF70084D521 /* Result.swift in Sources */ = {isa = PBXBuildFile; fileRef = 65E241681F031AF70084D521 /* Result.swift */; };
		65E2417A1F031AF70084D521 /* ServerTrustPolicy.swift in Sources */ = {isa = PBXBuildFile; fileRef = 65E241691F031AF70084D521 /* ServerTrustPolicy.swift */; };
		65E2417B1F031AF70084D521 /* SessionDelegate.swift in Sources */ = {isa = PBXBuildFile; fileRef = 65E2416A1F031AF70084D521 /* SessionDelegate.swift */; };
		65E2417C1F031AF70084D521 /* SessionManager.swift in Sources */ = {isa = PBXBuildFile; fileRef = 65E2416B1F031AF70084D521 /* SessionManager.swift */; };
		65E2417D1F031AF70084D521 /* TaskDelegate.swift in Sources */ = {isa = PBXBuildFile; fileRef = 65E2416C1F031AF70084D521 /* TaskDelegate.swift */; };
		65E2417E1F031AF70084D521 /* Timeline.swift in Sources */ = {isa = PBXBuildFile; fileRef = 65E2416D1F031AF70084D521 /* Timeline.swift */; };
		65E2417F1F031AF70084D521 /* Validation.swift in Sources */ = {isa = PBXBuildFile; fileRef = 65E2416E1F031AF70084D521 /* Validation.swift */; };
		65E2418A1F031B210084D521 /* AFIError.swift in Sources */ = {isa = PBXBuildFile; fileRef = 65E241811F031B210084D521 /* AFIError.swift */; };
		65E2418B1F031B210084D521 /* Image.swift in Sources */ = {isa = PBXBuildFile; fileRef = 65E241821F031B210084D521 /* Image.swift */; };
		65E2418C1F031B210084D521 /* ImageCache.swift in Sources */ = {isa = PBXBuildFile; fileRef = 65E241831F031B210084D521 /* ImageCache.swift */; };
		65E2418D1F031B210084D521 /* ImageDownloader.swift in Sources */ = {isa = PBXBuildFile; fileRef = 65E241841F031B210084D521 /* ImageDownloader.swift */; };
		65E2418E1F031B210084D521 /* ImageFilter.swift in Sources */ = {isa = PBXBuildFile; fileRef = 65E241851F031B210084D521 /* ImageFilter.swift */; };
		65E2418F1F031B210084D521 /* Request+AlamofireImage.swift in Sources */ = {isa = PBXBuildFile; fileRef = 65E241861F031B210084D521 /* Request+AlamofireImage.swift */; };
		65E241901F031B210084D521 /* UIButton+AlamofireImage.swift in Sources */ = {isa = PBXBuildFile; fileRef = 65E241871F031B210084D521 /* UIButton+AlamofireImage.swift */; };
		65E241911F031B210084D521 /* UIImage+AlamofireImage.swift in Sources */ = {isa = PBXBuildFile; fileRef = 65E241881F031B210084D521 /* UIImage+AlamofireImage.swift */; };
		65E241921F031B210084D521 /* UIImageView+AlamofireImage.swift in Sources */ = {isa = PBXBuildFile; fileRef = 65E241891F031B210084D521 /* UIImageView+AlamofireImage.swift */; };
		65E241951F031B540084D521 /* ImgurVC.swift in Sources */ = {isa = PBXBuildFile; fileRef = 65E241941F031B540084D521 /* ImgurVC.swift */; };
		65E241971F031B5F0084D521 /* OCRVC.swift in Sources */ = {isa = PBXBuildFile; fileRef = 65E241961F031B5F0084D521 /* OCRVC.swift */; };
/* End PBXBuildFile section */

/* Begin PBXFileReference section */
		65E241401F0319F90084D521 /* Playground.app */ = {isa = PBXFileReference; explicitFileType = wrapper.application; includeInIndex = 0; path = Playground.app; sourceTree = BUILT_PRODUCTS_DIR; };
		65E241431F0319F90084D521 /* AppDelegate.swift */ = {isa = PBXFileReference; lastKnownFileType = sourcecode.swift; path = AppDelegate.swift; sourceTree = "<group>"; };
		65E241481F0319F90084D521 /* Base */ = {isa = PBXFileReference; lastKnownFileType = file.storyboard; name = Base; path = Base.lproj/Main.storyboard; sourceTree = "<group>"; };
		65E2414A1F0319F90084D521 /* Assets.xcassets */ = {isa = PBXFileReference; lastKnownFileType = folder.assetcatalog; path = Assets.xcassets; sourceTree = "<group>"; };
		65E2414D1F0319F90084D521 /* Base */ = {isa = PBXFileReference; lastKnownFileType = file.storyboard; name = Base; path = Base.lproj/LaunchScreen.storyboard; sourceTree = "<group>"; };
		65E2414F1F0319F90084D521 /* Info.plist */ = {isa = PBXFileReference; lastKnownFileType = text.plist.xml; path = Info.plist; sourceTree = "<group>"; };
		65E241551F031A8E0084D521 /* README.md */ = {isa = PBXFileReference; fileEncoding = 4; lastKnownFileType = net.daringfireball.markdown; path = README.md; sourceTree = "<group>"; };
		65E241571F031ACA0084D521 /* ExploreVC.swift */ = {isa = PBXFileReference; fileEncoding = 4; lastKnownFileType = sourcecode.swift; path = ExploreVC.swift; sourceTree = "<group>"; };
		65E241581F031ACA0084D521 /* FilterMenuVC.swift */ = {isa = PBXFileReference; fileEncoding = 4; lastKnownFileType = sourcecode.swift; path = FilterMenuVC.swift; sourceTree = "<group>"; };
		65E241591F031ACA0084D521 /* ShopStyleController.swift */ = {isa = PBXFileReference; fileEncoding = 4; lastKnownFileType = sourcecode.swift; path = ShopStyleController.swift; sourceTree = "<group>"; };
		65E2415E1F031AF70084D521 /* AFError.swift */ = {isa = PBXFileReference; fileEncoding = 4; lastKnownFileType = sourcecode.swift; path = AFError.swift; sourceTree = "<group>"; };
		65E2415F1F031AF70084D521 /* Alamofire.swift */ = {isa = PBXFileReference; fileEncoding = 4; lastKnownFileType = sourcecode.swift; path = Alamofire.swift; sourceTree = "<group>"; };
		65E241601F031AF70084D521 /* DispatchQueue+Alamofire.swift */ = {isa = PBXFileReference; fileEncoding = 4; lastKnownFileType = sourcecode.swift; path = "DispatchQueue+Alamofire.swift"; sourceTree = "<group>"; };
		65E241611F031AF70084D521 /* MultipartFormData.swift */ = {isa = PBXFileReference; fileEncoding = 4; lastKnownFileType = sourcecode.swift; path = MultipartFormData.swift; sourceTree = "<group>"; };
		65E241621F031AF70084D521 /* NetworkReachabilityManager.swift */ = {isa = PBXFileReference; fileEncoding = 4; lastKnownFileType = sourcecode.swift; path = NetworkReachabilityManager.swift; sourceTree = "<group>"; };
		65E241631F031AF70084D521 /* Notifications.swift */ = {isa = PBXFileReference; fileEncoding = 4; lastKnownFileType = sourcecode.swift; path = Notifications.swift; sourceTree = "<group>"; };
		65E241641F031AF70084D521 /* ParameterEncoding.swift */ = {isa = PBXFileReference; fileEncoding = 4; lastKnownFileType = sourcecode.swift; path = ParameterEncoding.swift; sourceTree = "<group>"; };
		65E241651F031AF70084D521 /* Request.swift */ = {isa = PBXFileReference; fileEncoding = 4; lastKnownFileType = sourcecode.swift; path = Request.swift; sourceTree = "<group>"; };
		65E241661F031AF70084D521 /* Response.swift */ = {isa = PBXFileReference; fileEncoding = 4; lastKnownFileType = sourcecode.swift; path = Response.swift; sourceTree = "<group>"; };
		65E241671F031AF70084D521 /* ResponseSerialization.swift */ = {isa = PBXFileReference; fileEncoding = 4; lastKnownFileType = sourcecode.swift; path = ResponseSerialization.swift; sourceTree = "<group>"; };
		65E241681F031AF70084D521 /* Result.swift */ = {isa = PBXFileReference; fileEncoding = 4; lastKnownFileType = sourcecode.swift; path = Result.swift; sourceTree = "<group>"; };
		65E241691F031AF70084D521 /* ServerTrustPolicy.swift */ = {isa = PBXFileReference; fileEncoding = 4; lastKnownFileType = sourcecode.swift; path = ServerTrustPolicy.swift; sourceTree = "<group>"; };
		65E2416A1F031AF70084D521 /* SessionDelegate.swift */ = {isa = PBXFileReference; fileEncoding = 4; lastKnownFileType = sourcecode.swift; path = SessionDelegate.swift; sourceTree = "<group>"; };
		65E2416B1F031AF70084D521 /* SessionManager.swift */ = {isa = PBXFileReference; fileEncoding = 4; lastKnownFileType = sourcecode.swift; path = SessionManager.swift; sourceTree = "<group>"; };
		65E2416C1F031AF70084D521 /* TaskDelegate.swift */ = {isa = PBXFileReference; fileEncoding = 4; lastKnownFileType = sourcecode.swift; path = TaskDelegate.swift; sourceTree = "<group>"; };
		65E2416D1F031AF70084D521 /* Timeline.swift */ = {isa = PBXFileReference; fileEncoding = 4; lastKnownFileType = sourcecode.swift; path = Timeline.swift; sourceTree = "<group>"; };
		65E2416E1F031AF70084D521 /* Validation.swift */ = {isa = PBXFileReference; fileEncoding = 4; lastKnownFileType = sourcecode.swift; path = Validation.swift; sourceTree = "<group>"; };
		65E241811F031B210084D521 /* AFIError.swift */ = {isa = PBXFileReference; fileEncoding = 4; lastKnownFileType = sourcecode.swift; path = AFIError.swift; sourceTree = "<group>"; };
		65E241821F031B210084D521 /* Image.swift */ = {isa = PBXFileReference; fileEncoding = 4; lastKnownFileType = sourcecode.swift; path = Image.swift; sourceTree = "<group>"; };
		65E241831F031B210084D521 /* ImageCache.swift */ = {isa = PBXFileReference; fileEncoding = 4; lastKnownFileType = sourcecode.swift; path = ImageCache.swift; sourceTree = "<group>"; };
		65E241841F031B210084D521 /* ImageDownloader.swift */ = {isa = PBXFileReference; fileEncoding = 4; lastKnownFileType = sourcecode.swift; path = ImageDownloader.swift; sourceTree = "<group>"; };
		65E241851F031B210084D521 /* ImageFilter.swift */ = {isa = PBXFileReference; fileEncoding = 4; lastKnownFileType = sourcecode.swift; path = ImageFilter.swift; sourceTree = "<group>"; };
		65E241861F031B210084D521 /* Request+AlamofireImage.swift */ = {isa = PBXFileReference; fileEncoding = 4; lastKnownFileType = sourcecode.swift; path = "Request+AlamofireImage.swift"; sourceTree = "<group>"; };
		65E241871F031B210084D521 /* UIButton+AlamofireImage.swift */ = {isa = PBXFileReference; fileEncoding = 4; lastKnownFileType = sourcecode.swift; path = "UIButton+AlamofireImage.swift"; sourceTree = "<group>"; };
		65E241881F031B210084D521 /* UIImage+AlamofireImage.swift */ = {isa = PBXFileReference; fileEncoding = 4; lastKnownFileType = sourcecode.swift; path = "UIImage+AlamofireImage.swift"; sourceTree = "<group>"; };
		65E241891F031B210084D521 /* UIImageView+AlamofireImage.swift */ = {isa = PBXFileReference; fileEncoding = 4; lastKnownFileType = sourcecode.swift; path = "UIImageView+AlamofireImage.swift"; sourceTree = "<group>"; };
		65E241941F031B540084D521 /* ImgurVC.swift */ = {isa = PBXFileReference; fileEncoding = 4; lastKnownFileType = sourcecode.swift; path = ImgurVC.swift; sourceTree = "<group>"; };
		65E241961F031B5F0084D521 /* OCRVC.swift */ = {isa = PBXFileReference; fileEncoding = 4; lastKnownFileType = sourcecode.swift; path = OCRVC.swift; sourceTree = "<group>"; };
/* End PBXFileReference section */

/* Begin PBXFrameworksBuildPhase section */
		65E2413D1F0319F90084D521 /* Frameworks */ = {
			isa = PBXFrameworksBuildPhase;
			buildActionMask = 2147483647;
			files = (
			);
			runOnlyForDeploymentPostprocessing = 0;
		};
/* End PBXFrameworksBuildPhase section */

/* Begin PBXGroup section */
		65E241371F0319F90084D521 = {
			isa = PBXGroup;
			children = (
				65E241421F0319F90084D521 /* Playground */,
				65E241411F0319F90084D521 /* Products */,
			);
			sourceTree = "<group>";
		};
		65E241411F0319F90084D521 /* Products */ = {
			isa = PBXGroup;
			children = (
				65E241401F0319F90084D521 /* Playground.app */,
			);
			name = Products;
			sourceTree = "<group>";
		};
		65E241421F0319F90084D521 /* Playground */ = {
			isa = PBXGroup;
			children = (
				65E241551F031A8E0084D521 /* README.md */,
				65E241471F0319F90084D521 /* Main.storyboard */,
				65E241431F0319F90084D521 /* AppDelegate.swift */,
				65E2415D1F031AD60084D521 /* ShopStyle */,
				65E241941F031B540084D521 /* ImgurVC.swift */,
				65E241961F031B5F0084D521 /* OCRVC.swift */,
				65E2414A1F0319F90084D521 /* Assets.xcassets */,
				65E2414C1F0319F90084D521 /* LaunchScreen.storyboard */,
				65E2414F1F0319F90084D521 /* Info.plist */,
			);
			path = Playground;
			sourceTree = "<group>";
		};
		65E2415D1F031AD60084D521 /* ShopStyle */ = {
			isa = PBXGroup;
			children = (
				65E241571F031ACA0084D521 /* ExploreVC.swift */,
				65E241581F031ACA0084D521 /* FilterMenuVC.swift */,
				65E241591F031ACA0084D521 /* ShopStyleController.swift */,
				65E241801F031B030084D521 /* Alamo */,
			);
			name = ShopStyle;
			sourceTree = "<group>";
		};
		65E241801F031B030084D521 /* Alamo */ = {
			isa = PBXGroup;
			children = (
				65E2415E1F031AF70084D521 /* AFError.swift */,
				65E2415F1F031AF70084D521 /* Alamofire.swift */,
				65E241601F031AF70084D521 /* DispatchQueue+Alamofire.swift */,
				65E241611F031AF70084D521 /* MultipartFormData.swift */,
				65E241621F031AF70084D521 /* NetworkReachabilityManager.swift */,
				65E241631F031AF70084D521 /* Notifications.swift */,
				65E241641F031AF70084D521 /* ParameterEncoding.swift */,
				65E241651F031AF70084D521 /* Request.swift */,
				65E241661F031AF70084D521 /* Response.swift */,
				65E241671F031AF70084D521 /* ResponseSerialization.swift */,
				65E241681F031AF70084D521 /* Result.swift */,
				65E241691F031AF70084D521 /* ServerTrustPolicy.swift */,
				65E2416A1F031AF70084D521 /* SessionDelegate.swift */,
				65E2416B1F031AF70084D521 /* SessionManager.swift */,
				65E2416C1F031AF70084D521 /* TaskDelegate.swift */,
				65E2416D1F031AF70084D521 /* Timeline.swift */,
				65E2416E1F031AF70084D521 /* Validation.swift */,
				65E241931F031B280084D521 /* AlamoFireImage */,
			);
			name = Alamo;
			sourceTree = "<group>";
		};
		65E241931F031B280084D521 /* AlamoFireImage */ = {
			isa = PBXGroup;
			children = (
				65E241811F031B210084D521 /* AFIError.swift */,
				65E241821F031B210084D521 /* Image.swift */,
				65E241831F031B210084D521 /* ImageCache.swift */,
				65E241841F031B210084D521 /* ImageDownloader.swift */,
				65E241851F031B210084D521 /* ImageFilter.swift */,
				65E241861F031B210084D521 /* Request+AlamofireImage.swift */,
				65E241871F031B210084D521 /* UIButton+AlamofireImage.swift */,
				65E241881F031B210084D521 /* UIImage+AlamofireImage.swift */,
				65E241891F031B210084D521 /* UIImageView+AlamofireImage.swift */,
			);
			name = AlamoFireImage;
			sourceTree = "<group>";
		};
/* End PBXGroup section */

/* Begin PBXNativeTarget section */
		65E2413F1F0319F90084D521 /* Playground */ = {
			isa = PBXNativeTarget;
			buildConfigurationList = 65E241521F0319F90084D521 /* Build configuration list for PBXNativeTarget "Playground" */;
			buildPhases = (
				65E2413C1F0319F90084D521 /* Sources */,
				65E2413D1F0319F90084D521 /* Frameworks */,
				65E2413E1F0319F90084D521 /* Resources */,
			);
			buildRules = (
			);
			dependencies = (
			);
			name = Playground;
			productName = Playground;
			productReference = 65E241401F0319F90084D521 /* Playground.app */;
			productType = "com.apple.product-type.application";
		};
/* End PBXNativeTarget section */

/* Begin PBXProject section */
		65E241381F0319F90084D521 /* Project object */ = {
			isa = PBXProject;
			attributes = {
				LastSwiftUpdateCheck = 0830;
				LastUpgradeCheck = 0830;
				ORGANIZATIONNAME = "Blaine Solomon";
				TargetAttributes = {
					65E2413F1F0319F90084D521 = {
						CreatedOnToolsVersion = 8.3.3;
						ProvisioningStyle = Automatic;
					};
				};
			};
			buildConfigurationList = 65E2413B1F0319F90084D521 /* Build configuration list for PBXProject "Playground" */;
			compatibilityVersion = "Xcode 3.2";
			developmentRegion = English;
			hasScannedForEncodings = 0;
			knownRegions = (
				en,
				Base,
			);
			mainGroup = 65E241371F0319F90084D521;
			productRefGroup = 65E241411F0319F90084D521 /* Products */;
			projectDirPath = "";
			projectRoot = "";
			targets = (
				65E2413F1F0319F90084D521 /* Playground */,
			);
		};
/* End PBXProject section */

/* Begin PBXResourcesBuildPhase section */
		65E2413E1F0319F90084D521 /* Resources */ = {
			isa = PBXResourcesBuildPhase;
			buildActionMask = 2147483647;
			files = (
				65E2414E1F0319F90084D521 /* LaunchScreen.storyboard in Resources */,
				65E2414B1F0319F90084D521 /* Assets.xcassets in Resources */,
				65E241491F0319F90084D521 /* Main.storyboard in Resources */,
			);
			runOnlyForDeploymentPostprocessing = 0;
		};
/* End PBXResourcesBuildPhase section */

/* Begin PBXSourcesBuildPhase section */
		65E2413C1F0319F90084D521 /* Sources */ = {
			isa = PBXSourcesBuildPhase;
			buildActionMask = 2147483647;
			files = (
				65E241741F031AF70084D521 /* Notifications.swift in Sources */,
				65E2416F1F031AF70084D521 /* AFError.swift in Sources */,
				65E2417B1F031AF70084D521 /* SessionDelegate.swift in Sources */,
				65E241951F031B540084D521 /* ImgurVC.swift in Sources */,
				65E241561F031A8E0084D521 /* README.md in Sources */,
				65E241781F031AF70084D521 /* ResponseSerialization.swift in Sources */,
				65E241701F031AF70084D521 /* Alamofire.swift in Sources */,
				65E241771F031AF70084D521 /* Response.swift in Sources */,
				65E241711F031AF70084D521 /* DispatchQueue+Alamofire.swift in Sources */,
				65E241721F031AF70084D521 /* MultipartFormData.swift in Sources */,
				65E2415B1F031ACA0084D521 /* FilterMenuVC.swift in Sources */,
				65E241921F031B210084D521 /* UIImageView+AlamofireImage.swift in Sources */,
				65E2417E1F031AF70084D521 /* Timeline.swift in Sources */,
				65E2418A1F031B210084D521 /* AFIError.swift in Sources */,
				65E2417A1F031AF70084D521 /* ServerTrustPolicy.swift in Sources */,
				65E2418E1F031B210084D521 /* ImageFilter.swift in Sources */,
				65E2417F1F031AF70084D521 /* Validation.swift in Sources */,
				65E2418F1F031B210084D521 /* Request+AlamofireImage.swift in Sources */,
				65E2418C1F031B210084D521 /* ImageCache.swift in Sources */,
				65E241751F031AF70084D521 /* ParameterEncoding.swift in Sources */,
				65E2418D1F031B210084D521 /* ImageDownloader.swift in Sources */,
				65E241731F031AF70084D521 /* NetworkReachabilityManager.swift in Sources */,
				65E2415C1F031ACA0084D521 /* ShopStyleController.swift in Sources */,
				65E241901F031B210084D521 /* UIButton+AlamofireImage.swift in Sources */,
				65E241971F031B5F0084D521 /* OCRVC.swift in Sources */,
				65E241761F031AF70084D521 /* Request.swift in Sources */,
				65E241791F031AF70084D521 /* Result.swift in Sources */,
				65E2415A1F031ACA0084D521 /* ExploreVC.swift in Sources */,
				65E2417C1F031AF70084D521 /* SessionManager.swift in Sources */,
				65E2417D1F031AF70084D521 /* TaskDelegate.swift in Sources */,
				65E241441F0319F90084D521 /* AppDelegate.swift in Sources */,
				65E241911F031B210084D521 /* UIImage+AlamofireImage.swift in Sources */,
				65E2418B1F031B210084D521 /* Image.swift in Sources */,
			);
			runOnlyForDeploymentPostprocessing = 0;
		};
/* End PBXSourcesBuildPhase section */

/* Begin PBXVariantGroup section */
		65E241471F0319F90084D521 /* Main.storyboard */ = {
			isa = PBXVariantGroup;
			children = (
				65E241481F0319F90084D521 /* Base */,
			);
			name = Main.storyboard;
			sourceTree = "<group>";
		};
		65E2414C1F0319F90084D521 /* LaunchScreen.storyboard */ = {
			isa = PBXVariantGroup;
			children = (
				65E2414D1F0319F90084D521 /* Base */,
			);
			name = LaunchScreen.storyboard;
			sourceTree = "<group>";
		};
/* End PBXVariantGroup section */

/* Begin XCBuildConfiguration section */
		65E241501F0319F90084D521 /* Debug */ = {
			isa = XCBuildConfiguration;
			buildSettings = {
				ALWAYS_SEARCH_USER_PATHS = NO;
				CLANG_ANALYZER_NONNULL = YES;
				CLANG_ANALYZER_NUMBER_OBJECT_CONVERSION = YES_AGGRESSIVE;
				CLANG_CXX_LANGUAGE_STANDARD = "gnu++0x";
				CLANG_CXX_LIBRARY = "libc++";
				CLANG_ENABLE_MODULES = YES;
				CLANG_ENABLE_OBJC_ARC = YES;
				CLANG_WARN_BOOL_CONVERSION = YES;
				CLANG_WARN_CONSTANT_CONVERSION = YES;
				CLANG_WARN_DIRECT_OBJC_ISA_USAGE = YES_ERROR;
				CLANG_WARN_DOCUMENTATION_COMMENTS = YES;
				CLANG_WARN_EMPTY_BODY = YES;
				CLANG_WARN_ENUM_CONVERSION = YES;
				CLANG_WARN_INFINITE_RECURSION = YES;
				CLANG_WARN_INT_CONVERSION = YES;
				CLANG_WARN_OBJC_ROOT_CLASS = YES_ERROR;
				CLANG_WARN_SUSPICIOUS_MOVE = YES;
				CLANG_WARN_UNREACHABLE_CODE = YES;
				CLANG_WARN__DUPLICATE_METHOD_MATCH = YES;
				"CODE_SIGN_IDENTITY[sdk=iphoneos*]" = "iPhone Developer";
				COPY_PHASE_STRIP = NO;
				DEBUG_INFORMATION_FORMAT = dwarf;
				ENABLE_STRICT_OBJC_MSGSEND = YES;
				ENABLE_TESTABILITY = YES;
				GCC_C_LANGUAGE_STANDARD = gnu99;
				GCC_DYNAMIC_NO_PIC = NO;
				GCC_NO_COMMON_BLOCKS = YES;
				GCC_OPTIMIZATION_LEVEL = 0;
				GCC_PREPROCESSOR_DEFINITIONS = (
					"DEBUG=1",
					"$(inherited)",
				);
				GCC_WARN_64_TO_32_BIT_CONVERSION = YES;
				GCC_WARN_ABOUT_RETURN_TYPE = YES_ERROR;
				GCC_WARN_UNDECLARED_SELECTOR = YES;
				GCC_WARN_UNINITIALIZED_AUTOS = YES_AGGRESSIVE;
				GCC_WARN_UNUSED_FUNCTION = YES;
				GCC_WARN_UNUSED_VARIABLE = YES;
				IPHONEOS_DEPLOYMENT_TARGET = 10.3;
				MTL_ENABLE_DEBUG_INFO = YES;
				ONLY_ACTIVE_ARCH = YES;
				SDKROOT = iphoneos;
				SWIFT_ACTIVE_COMPILATION_CONDITIONS = DEBUG;
				SWIFT_OPTIMIZATION_LEVEL = "-Onone";
				TARGETED_DEVICE_FAMILY = "1,2";
			};
			name = Debug;
		};
		65E241511F0319F90084D521 /* Release */ = {
			isa = XCBuildConfiguration;
			buildSettings = {
				ALWAYS_SEARCH_USER_PATHS = NO;
				CLANG_ANALYZER_NONNULL = YES;
				CLANG_ANALYZER_NUMBER_OBJECT_CONVERSION = YES_AGGRESSIVE;
				CLANG_CXX_LANGUAGE_STANDARD = "gnu++0x";
				CLANG_CXX_LIBRARY = "libc++";
				CLANG_ENABLE_MODULES = YES;
				CLANG_ENABLE_OBJC_ARC = YES;
				CLANG_WARN_BOOL_CONVERSION = YES;
				CLANG_WARN_CONSTANT_CONVERSION = YES;
				CLANG_WARN_DIRECT_OBJC_ISA_USAGE = YES_ERROR;
				CLANG_WARN_DOCUMENTATION_COMMENTS = YES;
				CLANG_WARN_EMPTY_BODY = YES;
				CLANG_WARN_ENUM_CONVERSION = YES;
				CLANG_WARN_INFINITE_RECURSION = YES;
				CLANG_WARN_INT_CONVERSION = YES;
				CLANG_WARN_OBJC_ROOT_CLASS = YES_ERROR;
				CLANG_WARN_SUSPICIOUS_MOVE = YES;
				CLANG_WARN_UNREACHABLE_CODE = YES;
				CLANG_WARN__DUPLICATE_METHOD_MATCH = YES;
				"CODE_SIGN_IDENTITY[sdk=iphoneos*]" = "iPhone Developer";
				COPY_PHASE_STRIP = NO;
				DEBUG_INFORMATION_FORMAT = "dwarf-with-dsym";
				ENABLE_NS_ASSERTIONS = NO;
				ENABLE_STRICT_OBJC_MSGSEND = YES;
				GCC_C_LANGUAGE_STANDARD = gnu99;
				GCC_NO_COMMON_BLOCKS = YES;
				GCC_WARN_64_TO_32_BIT_CONVERSION = YES;
				GCC_WARN_ABOUT_RETURN_TYPE = YES_ERROR;
				GCC_WARN_UNDECLARED_SELECTOR = YES;
				GCC_WARN_UNINITIALIZED_AUTOS = YES_AGGRESSIVE;
				GCC_WARN_UNUSED_FUNCTION = YES;
				GCC_WARN_UNUSED_VARIABLE = YES;
				IPHONEOS_DEPLOYMENT_TARGET = 10.3;
				MTL_ENABLE_DEBUG_INFO = NO;
				SDKROOT = iphoneos;
				SWIFT_OPTIMIZATION_LEVEL = "-Owholemodule";
				TARGETED_DEVICE_FAMILY = "1,2";
				VALIDATE_PRODUCT = YES;
			};
			name = Release;
		};
		65E241531F0319F90084D521 /* Debug */ = {
			isa = XCBuildConfiguration;
			buildSettings = {
				ASSETCATALOG_COMPILER_APPICON_NAME = AppIcon;
				INFOPLIST_FILE = Playground/Info.plist;
				LD_RUNPATH_SEARCH_PATHS = "$(inherited) @executable_path/Frameworks";
				PRODUCT_BUNDLE_IDENTIFIER = com.nothing.Playground;
				PRODUCT_NAME = "$(TARGET_NAME)";
				SWIFT_VERSION = 3.0;
			};
			name = Debug;
		};
		65E241541F0319F90084D521 /* Release */ = {
			isa = XCBuildConfiguration;
			buildSettings = {
				ASSETCATALOG_COMPILER_APPICON_NAME = AppIcon;
				INFOPLIST_FILE = Playground/Info.plist;
				LD_RUNPATH_SEARCH_PATHS = "$(inherited) @executable_path/Frameworks";
				PRODUCT_BUNDLE_IDENTIFIER = com.nothing.Playground;
				PRODUCT_NAME = "$(TARGET_NAME)";
				SWIFT_VERSION = 3.0;
			};
			name = Release;
		};
/* End XCBuildConfiguration section */

/* Begin XCConfigurationList section */
		65E2413B1F0319F90084D521 /* Build configuration list for PBXProject "Playground" */ = {
			isa = XCConfigurationList;
			buildConfigurations = (
				65E241501F0319F90084D521 /* Debug */,
				65E241511F0319F90084D521 /* Release */,
			);
			defaultConfigurationIsVisible = 0;
			defaultConfigurationName = Release;
		};
		65E241521F0319F90084D521 /* Build configuration list for PBXNativeTarget "Playground" */ = {
			isa = XCConfigurationList;
			buildConfigurations = (
				65E241531F0319F90084D521 /* Debug */,
				65E241541F0319F90084D521 /* Release */,
			);
			defaultConfigurationIsVisible = 0;
			defaultConfigurationName = Release;
		};
/* End XCConfigurationList section */
	};
	rootObject = 65E241381F0319F90084D521 /* Project object */;
}
